// !$*UTF8*$!
{
	archiveVersion = 1;
	classes = {
	};
	objectVersion = 56;
	objects = {

/* Begin PBXBuildFile section */
		B762B5AA2C0CFDA400DB06C7 /* ProdutosView.swift in Sources */ = {isa = PBXBuildFile; fileRef = B762B5A92C0CFDA300DB06C7 /* ProdutosView.swift */; };
		B762B5AC2C0D081100DB06C7 /* AddProdutoView.swift in Sources */ = {isa = PBXBuildFile; fileRef = B762B5AB2C0D081100DB06C7 /* AddProdutoView.swift */; };
		B7658F832C0A6AFB003789EC /* RavBikeCafeModel.xcdatamodeld in Sources */ = {isa = PBXBuildFile; fileRef = B7658F812C0A6AFB003789EC /* RavBikeCafeModel.xcdatamodeld */; };
		B7658F852C0AA01A003789EC /* DataController.swift in Sources */ = {isa = PBXBuildFile; fileRef = B7658F842C0AA01A003789EC /* DataController.swift */; };
		B7A1E2E02C0A19570049F53E /* ComandasView.swift in Sources */ = {isa = PBXBuildFile; fileRef = B7A1E2DF2C0A19570049F53E /* ComandasView.swift */; };
		B7D3942A2C08C9350040A8DD /* RavBikeCafeApp.swift in Sources */ = {isa = PBXBuildFile; fileRef = B7D394292C08C9350040A8DD /* RavBikeCafeApp.swift */; };
		B7D3942C2C08C9350040A8DD /* ContentView.swift in Sources */ = {isa = PBXBuildFile; fileRef = B7D3942B2C08C9350040A8DD /* ContentView.swift */; };
		B7D3942E2C08C9370040A8DD /* Assets.xcassets in Resources */ = {isa = PBXBuildFile; fileRef = B7D3942D2C08C9370040A8DD /* Assets.xcassets */; };
		B7D394312C08C9370040A8DD /* Preview Assets.xcassets in Resources */ = {isa = PBXBuildFile; fileRef = B7D394302C08C9370040A8DD /* Preview Assets.xcassets */; };
		B7D3943B2C08C9370040A8DD /* RavBikeCafeTests.swift in Sources */ = {isa = PBXBuildFile; fileRef = B7D3943A2C08C9370040A8DD /* RavBikeCafeTests.swift */; };
		B7D394452C08C9370040A8DD /* RavBikeCafeUITests.swift in Sources */ = {isa = PBXBuildFile; fileRef = B7D394442C08C9370040A8DD /* RavBikeCafeUITests.swift */; };
		B7D394472C08C9370040A8DD /* RavBikeCafeUITestsLaunchTests.swift in Sources */ = {isa = PBXBuildFile; fileRef = B7D394462C08C9370040A8DD /* RavBikeCafeUITestsLaunchTests.swift */; };
		B7F0A1CF2C0BA7260091CED6 /* AddComandaView.swift in Sources */ = {isa = PBXBuildFile; fileRef = B7F0A1CE2C0BA7260091CED6 /* AddComandaView.swift */; };
		B7FA85CF2C14CC93007B207C /* CategoriasView.swift in Sources */ = {isa = PBXBuildFile; fileRef = B7FA85CE2C14CC93007B207C /* CategoriasView.swift */; };
		B7FA85D12C14E29C007B207C /* AddCategoriaView.swift in Sources */ = {isa = PBXBuildFile; fileRef = B7FA85D02C14E29C007B207C /* AddCategoriaView.swift */; };
/* End PBXBuildFile section */

/* Begin PBXContainerItemProxy section */
		B7D394372C08C9370040A8DD /* PBXContainerItemProxy */ = {
			isa = PBXContainerItemProxy;
			containerPortal = B7D3941E2C08C9350040A8DD /* Project object */;
			proxyType = 1;
			remoteGlobalIDString = B7D394252C08C9350040A8DD;
			remoteInfo = RavBikeCafe;
		};
		B7D394412C08C9370040A8DD /* PBXContainerItemProxy */ = {
			isa = PBXContainerItemProxy;
			containerPortal = B7D3941E2C08C9350040A8DD /* Project object */;
			proxyType = 1;
			remoteGlobalIDString = B7D394252C08C9350040A8DD;
			remoteInfo = RavBikeCafe;
		};
/* End PBXContainerItemProxy section */

/* Begin PBXFileReference section */
		B762B5A92C0CFDA300DB06C7 /* ProdutosView.swift */ = {isa = PBXFileReference; lastKnownFileType = sourcecode.swift; path = ProdutosView.swift; sourceTree = "<group>"; };
		B762B5AB2C0D081100DB06C7 /* AddProdutoView.swift */ = {isa = PBXFileReference; lastKnownFileType = sourcecode.swift; path = AddProdutoView.swift; sourceTree = "<group>"; };
		B7658F822C0A6AFB003789EC /* RavBikeCafeModel.xcdatamodel */ = {isa = PBXFileReference; lastKnownFileType = wrapper.xcdatamodel; path = RavBikeCafeModel.xcdatamodel; sourceTree = "<group>"; };
		B7658F842C0AA01A003789EC /* DataController.swift */ = {isa = PBXFileReference; lastKnownFileType = sourcecode.swift; path = DataController.swift; sourceTree = "<group>"; };
		B7A1E2DF2C0A19570049F53E /* ComandasView.swift */ = {isa = PBXFileReference; lastKnownFileType = sourcecode.swift; path = ComandasView.swift; sourceTree = "<group>"; };
		B7D394262C08C9350040A8DD /* RavBikeCafe.app */ = {isa = PBXFileReference; explicitFileType = wrapper.application; includeInIndex = 0; path = RavBikeCafe.app; sourceTree = BUILT_PRODUCTS_DIR; };
		B7D394292C08C9350040A8DD /* RavBikeCafeApp.swift */ = {isa = PBXFileReference; lastKnownFileType = sourcecode.swift; path = RavBikeCafeApp.swift; sourceTree = "<group>"; };
		B7D3942B2C08C9350040A8DD /* ContentView.swift */ = {isa = PBXFileReference; lastKnownFileType = sourcecode.swift; path = ContentView.swift; sourceTree = "<group>"; };
		B7D3942D2C08C9370040A8DD /* Assets.xcassets */ = {isa = PBXFileReference; lastKnownFileType = folder.assetcatalog; path = Assets.xcassets; sourceTree = "<group>"; };
		B7D394302C08C9370040A8DD /* Preview Assets.xcassets */ = {isa = PBXFileReference; lastKnownFileType = folder.assetcatalog; path = "Preview Assets.xcassets"; sourceTree = "<group>"; };
		B7D394362C08C9370040A8DD /* RavBikeCafeTests.xctest */ = {isa = PBXFileReference; explicitFileType = wrapper.cfbundle; includeInIndex = 0; path = RavBikeCafeTests.xctest; sourceTree = BUILT_PRODUCTS_DIR; };
		B7D3943A2C08C9370040A8DD /* RavBikeCafeTests.swift */ = {isa = PBXFileReference; lastKnownFileType = sourcecode.swift; path = RavBikeCafeTests.swift; sourceTree = "<group>"; };
		B7D394402C08C9370040A8DD /* RavBikeCafeUITests.xctest */ = {isa = PBXFileReference; explicitFileType = wrapper.cfbundle; includeInIndex = 0; path = RavBikeCafeUITests.xctest; sourceTree = BUILT_PRODUCTS_DIR; };
		B7D394442C08C9370040A8DD /* RavBikeCafeUITests.swift */ = {isa = PBXFileReference; lastKnownFileType = sourcecode.swift; path = RavBikeCafeUITests.swift; sourceTree = "<group>"; };
		B7D394462C08C9370040A8DD /* RavBikeCafeUITestsLaunchTests.swift */ = {isa = PBXFileReference; lastKnownFileType = sourcecode.swift; path = RavBikeCafeUITestsLaunchTests.swift; sourceTree = "<group>"; };
		B7F0A1CE2C0BA7260091CED6 /* AddComandaView.swift */ = {isa = PBXFileReference; lastKnownFileType = sourcecode.swift; path = AddComandaView.swift; sourceTree = "<group>"; };
		B7FA85CE2C14CC93007B207C /* CategoriasView.swift */ = {isa = PBXFileReference; lastKnownFileType = sourcecode.swift; path = CategoriasView.swift; sourceTree = "<group>"; };
		B7FA85D02C14E29C007B207C /* AddCategoriaView.swift */ = {isa = PBXFileReference; lastKnownFileType = sourcecode.swift; path = AddCategoriaView.swift; sourceTree = "<group>"; };
/* End PBXFileReference section */

/* Begin PBXFrameworksBuildPhase section */
		B7D394232C08C9350040A8DD /* Frameworks */ = {
			isa = PBXFrameworksBuildPhase;
			buildActionMask = 2147483647;
			files = (
			);
			runOnlyForDeploymentPostprocessing = 0;
		};
		B7D394332C08C9370040A8DD /* Frameworks */ = {
			isa = PBXFrameworksBuildPhase;
			buildActionMask = 2147483647;
			files = (
			);
			runOnlyForDeploymentPostprocessing = 0;
		};
		B7D3943D2C08C9370040A8DD /* Frameworks */ = {
			isa = PBXFrameworksBuildPhase;
			buildActionMask = 2147483647;
			files = (
			);
			runOnlyForDeploymentPostprocessing = 0;
		};
/* End PBXFrameworksBuildPhase section */

/* Begin PBXGroup section */
		B762B5AD2C0D081900DB06C7 /* Produtos */ = {
			isa = PBXGroup;
			children = (
				B762B5A92C0CFDA300DB06C7 /* ProdutosView.swift */,
				B762B5AB2C0D081100DB06C7 /* AddProdutoView.swift */,
			);
			path = Produtos;
			sourceTree = "<group>";
		};
		B762B5AE2C0D082B00DB06C7 /* Comandas */ = {
			isa = PBXGroup;
			children = (
				B7A1E2DF2C0A19570049F53E /* ComandasView.swift */,
				B7F0A1CE2C0BA7260091CED6 /* AddComandaView.swift */,
			);
			path = Comandas;
			sourceTree = "<group>";
		};
		B7658F802C0A6AC4003789EC /* Data */ = {
			isa = PBXGroup;
			children = (
				B7658F812C0A6AFB003789EC /* RavBikeCafeModel.xcdatamodeld */,
				B7658F842C0AA01A003789EC /* DataController.swift */,
			);
			path = Data;
			sourceTree = "<group>";
		};
		B7A1E2E12C0A698C0049F53E /* Views */ = {
			isa = PBXGroup;
			children = (
				B7FA85CD2C14B7A8007B207C /* Categorias */,
				B762B5AE2C0D082B00DB06C7 /* Comandas */,
				B762B5AD2C0D081900DB06C7 /* Produtos */,
				B7D3942B2C08C9350040A8DD /* ContentView.swift */,
			);
			path = Views;
			sourceTree = "<group>";
		};
		B7D3941D2C08C9350040A8DD = {
			isa = PBXGroup;
			children = (
				B7D394282C08C9350040A8DD /* RavBikeCafe */,
				B7D394392C08C9370040A8DD /* RavBikeCafeTests */,
				B7D394432C08C9370040A8DD /* RavBikeCafeUITests */,
				B7D394272C08C9350040A8DD /* Products */,
			);
			sourceTree = "<group>";
		};
		B7D394272C08C9350040A8DD /* Products */ = {
			isa = PBXGroup;
			children = (
				B7D394262C08C9350040A8DD /* RavBikeCafe.app */,
				B7D394362C08C9370040A8DD /* RavBikeCafeTests.xctest */,
				B7D394402C08C9370040A8DD /* RavBikeCafeUITests.xctest */,
			);
			name = Products;
			sourceTree = "<group>";
		};
		B7D394282C08C9350040A8DD /* RavBikeCafe */ = {
			isa = PBXGroup;
			children = (
				B7658F802C0A6AC4003789EC /* Data */,
				B7A1E2E12C0A698C0049F53E /* Views */,
				B7D394292C08C9350040A8DD /* RavBikeCafeApp.swift */,
				B7D3942D2C08C9370040A8DD /* Assets.xcassets */,
				B7D3942F2C08C9370040A8DD /* Preview Content */,
			);
			path = RavBikeCafe;
			sourceTree = "<group>";
		};
		B7D3942F2C08C9370040A8DD /* Preview Content */ = {
			isa = PBXGroup;
			children = (
				B7D394302C08C9370040A8DD /* Preview Assets.xcassets */,
			);
			path = "Preview Content";
			sourceTree = "<group>";
		};
		B7D394392C08C9370040A8DD /* RavBikeCafeTests */ = {
			isa = PBXGroup;
			children = (
				B7D3943A2C08C9370040A8DD /* RavBikeCafeTests.swift */,
			);
			path = RavBikeCafeTests;
			sourceTree = "<group>";
		};
		B7D394432C08C9370040A8DD /* RavBikeCafeUITests */ = {
			isa = PBXGroup;
			children = (
				B7D394442C08C9370040A8DD /* RavBikeCafeUITests.swift */,
				B7D394462C08C9370040A8DD /* RavBikeCafeUITestsLaunchTests.swift */,
			);
			path = RavBikeCafeUITests;
			sourceTree = "<group>";
		};
		B7FA85CD2C14B7A8007B207C /* Categorias */ = {
			isa = PBXGroup;
			children = (
				B7FA85CE2C14CC93007B207C /* CategoriasView.swift */,
				B7FA85D02C14E29C007B207C /* AddCategoriaView.swift */,
			);
			path = Categorias;
			sourceTree = "<group>";
		};
/* End PBXGroup section */

/* Begin PBXNativeTarget section */
		B7D394252C08C9350040A8DD /* RavBikeCafe */ = {
			isa = PBXNativeTarget;
			buildConfigurationList = B7D3944A2C08C9370040A8DD /* Build configuration list for PBXNativeTarget "RavBikeCafe" */;
			buildPhases = (
				B7D394222C08C9350040A8DD /* Sources */,
				B7D394232C08C9350040A8DD /* Frameworks */,
				B7D394242C08C9350040A8DD /* Resources */,
			);
			buildRules = (
			);
			dependencies = (
			);
			name = RavBikeCafe;
			productName = RavBikeCafe;
			productReference = B7D394262C08C9350040A8DD /* RavBikeCafe.app */;
			productType = "com.apple.product-type.application";
		};
		B7D394352C08C9370040A8DD /* RavBikeCafeTests */ = {
			isa = PBXNativeTarget;
			buildConfigurationList = B7D3944D2C08C9370040A8DD /* Build configuration list for PBXNativeTarget "RavBikeCafeTests" */;
			buildPhases = (
				B7D394322C08C9370040A8DD /* Sources */,
				B7D394332C08C9370040A8DD /* Frameworks */,
				B7D394342C08C9370040A8DD /* Resources */,
			);
			buildRules = (
			);
			dependencies = (
				B7D394382C08C9370040A8DD /* PBXTargetDependency */,
			);
			name = RavBikeCafeTests;
			productName = RavBikeCafeTests;
			productReference = B7D394362C08C9370040A8DD /* RavBikeCafeTests.xctest */;
			productType = "com.apple.product-type.bundle.unit-test";
		};
		B7D3943F2C08C9370040A8DD /* RavBikeCafeUITests */ = {
			isa = PBXNativeTarget;
			buildConfigurationList = B7D394502C08C9370040A8DD /* Build configuration list for PBXNativeTarget "RavBikeCafeUITests" */;
			buildPhases = (
				B7D3943C2C08C9370040A8DD /* Sources */,
				B7D3943D2C08C9370040A8DD /* Frameworks */,
				B7D3943E2C08C9370040A8DD /* Resources */,
			);
			buildRules = (
			);
			dependencies = (
				B7D394422C08C9370040A8DD /* PBXTargetDependency */,
			);
			name = RavBikeCafeUITests;
			productName = RavBikeCafeUITests;
			productReference = B7D394402C08C9370040A8DD /* RavBikeCafeUITests.xctest */;
			productType = "com.apple.product-type.bundle.ui-testing";
		};
/* End PBXNativeTarget section */

/* Begin PBXProject section */
		B7D3941E2C08C9350040A8DD /* Project object */ = {
			isa = PBXProject;
			attributes = {
				BuildIndependentTargetsInParallel = 1;
				LastSwiftUpdateCheck = 1540;
				LastUpgradeCheck = 1540;
				TargetAttributes = {
					B7D394252C08C9350040A8DD = {
						CreatedOnToolsVersion = 15.4;
					};
					B7D394352C08C9370040A8DD = {
						CreatedOnToolsVersion = 15.4;
						TestTargetID = B7D394252C08C9350040A8DD;
					};
					B7D3943F2C08C9370040A8DD = {
						CreatedOnToolsVersion = 15.4;
						TestTargetID = B7D394252C08C9350040A8DD;
					};
				};
			};
			buildConfigurationList = B7D394212C08C9350040A8DD /* Build configuration list for PBXProject "RavBikeCafe" */;
			compatibilityVersion = "Xcode 14.0";
			developmentRegion = en;
			hasScannedForEncodings = 0;
			knownRegions = (
				en,
				Base,
			);
			mainGroup = B7D3941D2C08C9350040A8DD;
			productRefGroup = B7D394272C08C9350040A8DD /* Products */;
			projectDirPath = "";
			projectRoot = "";
			targets = (
				B7D394252C08C9350040A8DD /* RavBikeCafe */,
				B7D394352C08C9370040A8DD /* RavBikeCafeTests */,
				B7D3943F2C08C9370040A8DD /* RavBikeCafeUITests */,
			);
		};
/* End PBXProject section */

/* Begin PBXResourcesBuildPhase section */
		B7D394242C08C9350040A8DD /* Resources */ = {
			isa = PBXResourcesBuildPhase;
			buildActionMask = 2147483647;
			files = (
				B7D394312C08C9370040A8DD /* Preview Assets.xcassets in Resources */,
				B7D3942E2C08C9370040A8DD /* Assets.xcassets in Resources */,
			);
			runOnlyForDeploymentPostprocessing = 0;
		};
		B7D394342C08C9370040A8DD /* Resources */ = {
			isa = PBXResourcesBuildPhase;
			buildActionMask = 2147483647;
			files = (
			);
			runOnlyForDeploymentPostprocessing = 0;
		};
		B7D3943E2C08C9370040A8DD /* Resources */ = {
			isa = PBXResourcesBuildPhase;
			buildActionMask = 2147483647;
			files = (
			);
			runOnlyForDeploymentPostprocessing = 0;
		};
/* End PBXResourcesBuildPhase section */

/* Begin PBXSourcesBuildPhase section */
		B7D394222C08C9350040A8DD /* Sources */ = {
			isa = PBXSourcesBuildPhase;
			buildActionMask = 2147483647;
			files = (
				B762B5AC2C0D081100DB06C7 /* AddProdutoView.swift in Sources */,
				B7658F852C0AA01A003789EC /* DataController.swift in Sources */,
				B7FA85CF2C14CC93007B207C /* CategoriasView.swift in Sources */,
				B7A1E2E02C0A19570049F53E /* ComandasView.swift in Sources */,
				B7FA85D12C14E29C007B207C /* AddCategoriaView.swift in Sources */,
				B7658F832C0A6AFB003789EC /* RavBikeCafeModel.xcdatamodeld in Sources */,
				B762B5AA2C0CFDA400DB06C7 /* ProdutosView.swift in Sources */,
				B7D3942C2C08C9350040A8DD /* ContentView.swift in Sources */,
				B7F0A1CF2C0BA7260091CED6 /* AddComandaView.swift in Sources */,
				B7D3942A2C08C9350040A8DD /* RavBikeCafeApp.swift in Sources */,
			);
			runOnlyForDeploymentPostprocessing = 0;
		};
		B7D394322C08C9370040A8DD /* Sources */ = {
			isa = PBXSourcesBuildPhase;
			buildActionMask = 2147483647;
			files = (
				B7D3943B2C08C9370040A8DD /* RavBikeCafeTests.swift in Sources */,
			);
			runOnlyForDeploymentPostprocessing = 0;
		};
		B7D3943C2C08C9370040A8DD /* Sources */ = {
			isa = PBXSourcesBuildPhase;
			buildActionMask = 2147483647;
			files = (
				B7D394472C08C9370040A8DD /* RavBikeCafeUITestsLaunchTests.swift in Sources */,
				B7D394452C08C9370040A8DD /* RavBikeCafeUITests.swift in Sources */,
			);
			runOnlyForDeploymentPostprocessing = 0;
		};
/* End PBXSourcesBuildPhase section */

/* Begin PBXTargetDependency section */
		B7D394382C08C9370040A8DD /* PBXTargetDependency */ = {
			isa = PBXTargetDependency;
			target = B7D394252C08C9350040A8DD /* RavBikeCafe */;
			targetProxy = B7D394372C08C9370040A8DD /* PBXContainerItemProxy */;
		};
		B7D394422C08C9370040A8DD /* PBXTargetDependency */ = {
			isa = PBXTargetDependency;
			target = B7D394252C08C9350040A8DD /* RavBikeCafe */;
			targetProxy = B7D394412C08C9370040A8DD /* PBXContainerItemProxy */;
		};
/* End PBXTargetDependency section */

/* Begin XCBuildConfiguration section */
		B7D394482C08C9370040A8DD /* Debug */ = {
			isa = XCBuildConfiguration;
			buildSettings = {
				ALWAYS_SEARCH_USER_PATHS = NO;
				ASSETCATALOG_COMPILER_GENERATE_SWIFT_ASSET_SYMBOL_EXTENSIONS = YES;
				CLANG_ANALYZER_NONNULL = YES;
				CLANG_ANALYZER_NUMBER_OBJECT_CONVERSION = YES_AGGRESSIVE;
				CLANG_CXX_LANGUAGE_STANDARD = "gnu++20";
				CLANG_ENABLE_MODULES = YES;
				CLANG_ENABLE_OBJC_ARC = YES;
				CLANG_ENABLE_OBJC_WEAK = YES;
				CLANG_WARN_BLOCK_CAPTURE_AUTORELEASING = YES;
				CLANG_WARN_BOOL_CONVERSION = YES;
				CLANG_WARN_COMMA = YES;
				CLANG_WARN_CONSTANT_CONVERSION = YES;
				CLANG_WARN_DEPRECATED_OBJC_IMPLEMENTATIONS = YES;
				CLANG_WARN_DIRECT_OBJC_ISA_USAGE = YES_ERROR;
				CLANG_WARN_DOCUMENTATION_COMMENTS = YES;
				CLANG_WARN_EMPTY_BODY = YES;
				CLANG_WARN_ENUM_CONVERSION = YES;
				CLANG_WARN_INFINITE_RECURSION = YES;
				CLANG_WARN_INT_CONVERSION = YES;
				CLANG_WARN_NON_LITERAL_NULL_CONVERSION = YES;
				CLANG_WARN_OBJC_IMPLICIT_RETAIN_SELF = YES;
				CLANG_WARN_OBJC_LITERAL_CONVERSION = YES;
				CLANG_WARN_OBJC_ROOT_CLASS = YES_ERROR;
				CLANG_WARN_QUOTED_INCLUDE_IN_FRAMEWORK_HEADER = YES;
				CLANG_WARN_RANGE_LOOP_ANALYSIS = YES;
				CLANG_WARN_STRICT_PROTOTYPES = YES;
				CLANG_WARN_SUSPICIOUS_MOVE = YES;
				CLANG_WARN_UNGUARDED_AVAILABILITY = YES_AGGRESSIVE;
				CLANG_WARN_UNREACHABLE_CODE = YES;
				CLANG_WARN__DUPLICATE_METHOD_MATCH = YES;
				COPY_PHASE_STRIP = NO;
				DEBUG_INFORMATION_FORMAT = dwarf;
				ENABLE_STRICT_OBJC_MSGSEND = YES;
				ENABLE_TESTABILITY = YES;
				ENABLE_USER_SCRIPT_SANDBOXING = YES;
				GCC_C_LANGUAGE_STANDARD = gnu17;
				GCC_DYNAMIC_NO_PIC = NO;
				GCC_NO_COMMON_BLOCKS = YES;
				GCC_OPTIMIZATION_LEVEL = 0;
				GCC_PREPROCESSOR_DEFINITIONS = (
					"DEBUG=1",
					"$(inherited)",
				);
				GCC_WARN_64_TO_32_BIT_CONVERSION = YES;
				GCC_WARN_ABOUT_RETURN_TYPE = YES_ERROR;
				GCC_WARN_UNDECLARED_SELECTOR = YES;
				GCC_WARN_UNINITIALIZED_AUTOS = YES_AGGRESSIVE;
				GCC_WARN_UNUSED_FUNCTION = YES;
				GCC_WARN_UNUSED_VARIABLE = YES;
				IPHONEOS_DEPLOYMENT_TARGET = 17.5;
				LOCALIZATION_PREFERS_STRING_CATALOGS = YES;
				MTL_ENABLE_DEBUG_INFO = INCLUDE_SOURCE;
				MTL_FAST_MATH = YES;
				ONLY_ACTIVE_ARCH = YES;
				SDKROOT = iphoneos;
				SWIFT_ACTIVE_COMPILATION_CONDITIONS = "DEBUG $(inherited)";
				SWIFT_OPTIMIZATION_LEVEL = "-Onone";
			};
			name = Debug;
		};
		B7D394492C08C9370040A8DD /* Release */ = {
			isa = XCBuildConfiguration;
			buildSettings = {
				ALWAYS_SEARCH_USER_PATHS = NO;
				ASSETCATALOG_COMPILER_GENERATE_SWIFT_ASSET_SYMBOL_EXTENSIONS = YES;
				CLANG_ANALYZER_NONNULL = YES;
				CLANG_ANALYZER_NUMBER_OBJECT_CONVERSION = YES_AGGRESSIVE;
				CLANG_CXX_LANGUAGE_STANDARD = "gnu++20";
				CLANG_ENABLE_MODULES = YES;
				CLANG_ENABLE_OBJC_ARC = YES;
				CLANG_ENABLE_OBJC_WEAK = YES;
				CLANG_WARN_BLOCK_CAPTURE_AUTORELEASING = YES;
				CLANG_WARN_BOOL_CONVERSION = YES;
				CLANG_WARN_COMMA = YES;
				CLANG_WARN_CONSTANT_CONVERSION = YES;
				CLANG_WARN_DEPRECATED_OBJC_IMPLEMENTATIONS = YES;
				CLANG_WARN_DIRECT_OBJC_ISA_USAGE = YES_ERROR;
				CLANG_WARN_DOCUMENTATION_COMMENTS = YES;
				CLANG_WARN_EMPTY_BODY = YES;
				CLANG_WARN_ENUM_CONVERSION = YES;
				CLANG_WARN_INFINITE_RECURSION = YES;
				CLANG_WARN_INT_CONVERSION = YES;
				CLANG_WARN_NON_LITERAL_NULL_CONVERSION = YES;
				CLANG_WARN_OBJC_IMPLICIT_RETAIN_SELF = YES;
				CLANG_WARN_OBJC_LITERAL_CONVERSION = YES;
				CLANG_WARN_OBJC_ROOT_CLASS = YES_ERROR;
				CLANG_WARN_QUOTED_INCLUDE_IN_FRAMEWORK_HEADER = YES;
				CLANG_WARN_RANGE_LOOP_ANALYSIS = YES;
				CLANG_WARN_STRICT_PROTOTYPES = YES;
				CLANG_WARN_SUSPICIOUS_MOVE = YES;
				CLANG_WARN_UNGUARDED_AVAILABILITY = YES_AGGRESSIVE;
				CLANG_WARN_UNREACHABLE_CODE = YES;
				CLANG_WARN__DUPLICATE_METHOD_MATCH = YES;
				COPY_PHASE_STRIP = NO;
				DEBUG_INFORMATION_FORMAT = "dwarf-with-dsym";
				ENABLE_NS_ASSERTIONS = NO;
				ENABLE_STRICT_OBJC_MSGSEND = YES;
				ENABLE_USER_SCRIPT_SANDBOXING = YES;
				GCC_C_LANGUAGE_STANDARD = gnu17;
				GCC_NO_COMMON_BLOCKS = YES;
				GCC_WARN_64_TO_32_BIT_CONVERSION = YES;
				GCC_WARN_ABOUT_RETURN_TYPE = YES_ERROR;
				GCC_WARN_UNDECLARED_SELECTOR = YES;
				GCC_WARN_UNINITIALIZED_AUTOS = YES_AGGRESSIVE;
				GCC_WARN_UNUSED_FUNCTION = YES;
				GCC_WARN_UNUSED_VARIABLE = YES;
				IPHONEOS_DEPLOYMENT_TARGET = 17.5;
				LOCALIZATION_PREFERS_STRING_CATALOGS = YES;
				MTL_ENABLE_DEBUG_INFO = NO;
				MTL_FAST_MATH = YES;
				SDKROOT = iphoneos;
				SWIFT_COMPILATION_MODE = wholemodule;
				VALIDATE_PRODUCT = YES;
			};
			name = Release;
		};
		B7D3944B2C08C9370040A8DD /* Debug */ = {
			isa = XCBuildConfiguration;
			buildSettings = {
				ASSETCATALOG_COMPILER_APPICON_NAME = AppIcon;
				ASSETCATALOG_COMPILER_GLOBAL_ACCENT_COLOR_NAME = AccentColor;
				CODE_SIGN_STYLE = Automatic;
				CURRENT_PROJECT_VERSION = 1;
				DEVELOPMENT_ASSET_PATHS = "\"RavBikeCafe/Preview Content\"";
				ENABLE_PREVIEWS = YES;
				GENERATE_INFOPLIST_FILE = YES;
				INFOPLIST_KEY_UIApplicationSceneManifest_Generation = YES;
				INFOPLIST_KEY_UIApplicationSupportsIndirectInputEvents = YES;
				INFOPLIST_KEY_UILaunchScreen_Generation = YES;
				INFOPLIST_KEY_UISupportedInterfaceOrientations_iPad = "UIInterfaceOrientationPortrait UIInterfaceOrientationPortraitUpsideDown UIInterfaceOrientationLandscapeLeft UIInterfaceOrientationLandscapeRight";
				INFOPLIST_KEY_UISupportedInterfaceOrientations_iPhone = "UIInterfaceOrientationPortrait UIInterfaceOrientationLandscapeLeft UIInterfaceOrientationLandscapeRight";
				LD_RUNPATH_SEARCH_PATHS = (
					"$(inherited)",
					"@executable_path/Frameworks",
				);
				MARKETING_VERSION = 1.0;
				PRODUCT_BUNDLE_IDENTIFIER = Sidney.RavBikeCafe;
				PRODUCT_NAME = "$(TARGET_NAME)";
				SWIFT_EMIT_LOC_STRINGS = YES;
				SWIFT_VERSION = 5.0;
				TARGETED_DEVICE_FAMILY = "1,2";
			};
			name = Debug;
		};
		B7D3944C2C08C9370040A8DD /* Release */ = {
			isa = XCBuildConfiguration;
			buildSettings = {
				ASSETCATALOG_COMPILER_APPICON_NAME = AppIcon;
				ASSETCATALOG_COMPILER_GLOBAL_ACCENT_COLOR_NAME = AccentColor;
				CODE_SIGN_STYLE = Automatic;
				CURRENT_PROJECT_VERSION = 1;
				DEVELOPMENT_ASSET_PATHS = "\"RavBikeCafe/Preview Content\"";
				ENABLE_PREVIEWS = YES;
				GENERATE_INFOPLIST_FILE = YES;
				INFOPLIST_KEY_UIApplicationSceneManifest_Generation = YES;
				INFOPLIST_KEY_UIApplicationSupportsIndirectInputEvents = YES;
				INFOPLIST_KEY_UILaunchScreen_Generation = YES;
				INFOPLIST_KEY_UISupportedInterfaceOrientations_iPad = "UIInterfaceOrientationPortrait UIInterfaceOrientationPortraitUpsideDown UIInterfaceOrientationLandscapeLeft UIInterfaceOrientationLandscapeRight";
				INFOPLIST_KEY_UISupportedInterfaceOrientations_iPhone = "UIInterfaceOrientationPortrait UIInterfaceOrientationLandscapeLeft UIInterfaceOrientationLandscapeRight";
				LD_RUNPATH_SEARCH_PATHS = (
					"$(inherited)",
					"@executable_path/Frameworks",
				);
				MARKETING_VERSION = 1.0;
				PRODUCT_BUNDLE_IDENTIFIER = Sidney.RavBikeCafe;
				PRODUCT_NAME = "$(TARGET_NAME)";
				SWIFT_EMIT_LOC_STRINGS = YES;
				SWIFT_VERSION = 5.0;
				TARGETED_DEVICE_FAMILY = "1,2";
			};
			name = Release;
		};
		B7D3944E2C08C9370040A8DD /* Debug */ = {
			isa = XCBuildConfiguration;
			buildSettings = {
				ALWAYS_EMBED_SWIFT_STANDARD_LIBRARIES = YES;
				BUNDLE_LOADER = "$(TEST_HOST)";
				CODE_SIGN_STYLE = Automatic;
				CURRENT_PROJECT_VERSION = 1;
				GENERATE_INFOPLIST_FILE = YES;
				IPHONEOS_DEPLOYMENT_TARGET = 17.5;
				MARKETING_VERSION = 1.0;
				PRODUCT_BUNDLE_IDENTIFIER = Sidney.RavBikeCafeTests;
				PRODUCT_NAME = "$(TARGET_NAME)";
				SWIFT_EMIT_LOC_STRINGS = NO;
				SWIFT_VERSION = 5.0;
				TARGETED_DEVICE_FAMILY = "1,2";
				TEST_HOST = "$(BUILT_PRODUCTS_DIR)/RavBikeCafe.app/$(BUNDLE_EXECUTABLE_FOLDER_PATH)/RavBikeCafe";
			};
			name = Debug;
		};
		B7D3944F2C08C9370040A8DD /* Release */ = {
			isa = XCBuildConfiguration;
			buildSettings = {
				ALWAYS_EMBED_SWIFT_STANDARD_LIBRARIES = YES;
				BUNDLE_LOADER = "$(TEST_HOST)";
				CODE_SIGN_STYLE = Automatic;
				CURRENT_PROJECT_VERSION = 1;
				GENERATE_INFOPLIST_FILE = YES;
				IPHONEOS_DEPLOYMENT_TARGET = 17.5;
				MARKETING_VERSION = 1.0;
				PRODUCT_BUNDLE_IDENTIFIER = Sidney.RavBikeCafeTests;
				PRODUCT_NAME = "$(TARGET_NAME)";
				SWIFT_EMIT_LOC_STRINGS = NO;
				SWIFT_VERSION = 5.0;
				TARGETED_DEVICE_FAMILY = "1,2";
				TEST_HOST = "$(BUILT_PRODUCTS_DIR)/RavBikeCafe.app/$(BUNDLE_EXECUTABLE_FOLDER_PATH)/RavBikeCafe";
			};
			name = Release;
		};
		B7D394512C08C9370040A8DD /* Debug */ = {
			isa = XCBuildConfiguration;
			buildSettings = {
				ALWAYS_EMBED_SWIFT_STANDARD_LIBRARIES = YES;
				CODE_SIGN_STYLE = Automatic;
				CURRENT_PROJECT_VERSION = 1;
				GENERATE_INFOPLIST_FILE = YES;
				MARKETING_VERSION = 1.0;
				PRODUCT_BUNDLE_IDENTIFIER = Sidney.RavBikeCafeUITests;
				PRODUCT_NAME = "$(TARGET_NAME)";
				SWIFT_EMIT_LOC_STRINGS = NO;
				SWIFT_VERSION = 5.0;
				TARGETED_DEVICE_FAMILY = "1,2";
				TEST_TARGET_NAME = RavBikeCafe;
			};
			name = Debug;
		};
		B7D394522C08C9370040A8DD /* Release */ = {
			isa = XCBuildConfiguration;
			buildSettings = {
				ALWAYS_EMBED_SWIFT_STANDARD_LIBRARIES = YES;
				CODE_SIGN_STYLE = Automatic;
				CURRENT_PROJECT_VERSION = 1;
				GENERATE_INFOPLIST_FILE = YES;
				MARKETING_VERSION = 1.0;
				PRODUCT_BUNDLE_IDENTIFIER = Sidney.RavBikeCafeUITests;
				PRODUCT_NAME = "$(TARGET_NAME)";
				SWIFT_EMIT_LOC_STRINGS = NO;
				SWIFT_VERSION = 5.0;
				TARGETED_DEVICE_FAMILY = "1,2";
				TEST_TARGET_NAME = RavBikeCafe;
			};
			name = Release;
		};
/* End XCBuildConfiguration section */

/* Begin XCConfigurationList section */
		B7D394212C08C9350040A8DD /* Build configuration list for PBXProject "RavBikeCafe" */ = {
			isa = XCConfigurationList;
			buildConfigurations = (
				B7D394482C08C9370040A8DD /* Debug */,
				B7D394492C08C9370040A8DD /* Release */,
			);
			defaultConfigurationIsVisible = 0;
			defaultConfigurationName = Release;
		};
		B7D3944A2C08C9370040A8DD /* Build configuration list for PBXNativeTarget "RavBikeCafe" */ = {
			isa = XCConfigurationList;
			buildConfigurations = (
				B7D3944B2C08C9370040A8DD /* Debug */,
				B7D3944C2C08C9370040A8DD /* Release */,
			);
			defaultConfigurationIsVisible = 0;
			defaultConfigurationName = Release;
		};
		B7D3944D2C08C9370040A8DD /* Build configuration list for PBXNativeTarget "RavBikeCafeTests" */ = {
			isa = XCConfigurationList;
			buildConfigurations = (
				B7D3944E2C08C9370040A8DD /* Debug */,
				B7D3944F2C08C9370040A8DD /* Release */,
			);
			defaultConfigurationIsVisible = 0;
			defaultConfigurationName = Release;
		};
		B7D394502C08C9370040A8DD /* Build configuration list for PBXNativeTarget "RavBikeCafeUITests" */ = {
			isa = XCConfigurationList;
			buildConfigurations = (
				B7D394512C08C9370040A8DD /* Debug */,
				B7D394522C08C9370040A8DD /* Release */,
			);
			defaultConfigurationIsVisible = 0;
			defaultConfigurationName = Release;
		};
/* End XCConfigurationList section */

/* Begin XCVersionGroup section */
		B7658F812C0A6AFB003789EC /* RavBikeCafeModel.xcdatamodeld */ = {
			isa = XCVersionGroup;
			children = (
				B7658F822C0A6AFB003789EC /* RavBikeCafeModel.xcdatamodel */,
			);
			currentVersion = B7658F822C0A6AFB003789EC /* RavBikeCafeModel.xcdatamodel */;
			name = RavBikeCafeModel.xcdatamodeld;
			path = /Users/sidneyjunior/Projects/RavBikeCafe/RavBikeCafe/Data/RavBikeCafeModel.xcdatamodeld;
			sourceTree = "<group>";
			versionGroupType = wrapper.xcdatamodel;
		};
/* End XCVersionGroup section */
	};
	rootObject = B7D3941E2C08C9350040A8DD /* Project object */;
}
